<?xml version="1.0" encoding="utf-8"?>
<Project ToolsVersion="4.0" xmlns="http://schemas.microsoft.com/developer/msbuild/2003">
  <ItemGroup>
    <Filter Include="GameObjects">
      <UniqueIdentifier>{2d3cab86-87f2-4110-8e93-60f4e9a6cdaf}</UniqueIdentifier>
    </Filter>
    <Filter Include="Libs">
      <UniqueIdentifier>{b8a02058-7195-4b57-bef7-ace4be71fb77}</UniqueIdentifier>
    </Filter>
    <Filter Include="Screens">
      <UniqueIdentifier>{70e5c419-2398-4e7a-85c0-378435fa54ff}</UniqueIdentifier>
    </Filter>
    <Filter Include="Others">
      <UniqueIdentifier>{93995380-89BD-4b04-88EB-625FBE52EBFB}</UniqueIdentifier>
      <Extensions>h;hh;hpp;hxx;hm;inl;inc;xsd</Extensions>
    </Filter>
    <Filter Include="Graphics">
      <UniqueIdentifier>{1dc57010-20c9-4360-ad86-8b490aaa6ace}</UniqueIdentifier>
    </Filter>
  </ItemGroup>
  <ItemGroup>
    <ClCompile Include="BigShip.cpp">
      <Filter>GameObjects</Filter>
    </ClCompile>
    <ClCompile Include="ExitPoint.cpp">
      <Filter>GameObjects</Filter>
    </ClCompile>
    <ClCompile Include="GameObject.cpp">
      <Filter>GameObjects</Filter>
    </ClCompile>
    <ClCompile Include="Item.cpp">
      <Filter>GameObjects</Filter>
    </ClCompile>
    <ClCompile Include="Ship.cpp">
      <Filter>GameObjects</Filter>
    </ClCompile>
    <ClCompile Include="SmallShip.cpp">
      <Filter>GameObjects</Filter>
    </ClCompile>
    <ClCompile Include="Wall.cpp">
      <Filter>GameObjects</Filter>
    </ClCompile>
    <ClCompile Include="GameOverScreen.cpp">
      <Filter>Screens</Filter>
    </ClCompile>
    <ClCompile Include="GameScreen.cpp">
      <Filter>Screens</Filter>
    </ClCompile>
    <ClCompile Include="InstructionsScreen.cpp">
      <Filter>Screens</Filter>
    </ClCompile>
    <ClCompile Include="MainMenuScreen.cpp">
      <Filter>Screens</Filter>
    </ClCompile>
    <ClCompile Include="Screen.cpp">
      <Filter>Screens</Filter>
    </ClCompile>
    <ClCompile Include="io_utils.cpp">
      <Filter>Libs</Filter>
    </ClCompile>
    <ClCompile Include="main.cpp" />
    <ClCompile Include="GameAlgorithm.cpp">
      <Filter>Others</Filter>
    </ClCompile>
    <ClCompile Include="GameObjectSet.cpp">
      <Filter>Others</Filter>
    </ClCompile>
    <ClCompile Include="GameScreenBuilder.cpp">
      <Filter>Others</Filter>
    </ClCompile>
    <ClCompile Include="Keyboard.cpp">
      <Filter>Others</Filter>
    </ClCompile>
    <ClCompile Include="ScreenManager.cpp">
      <Filter>Others</Filter>
    </ClCompile>
    <ClCompile Include="Game.cpp">
      <Filter>Others</Filter>
    </ClCompile>
    <ClCompile Include="GameConfig.cpp">
      <Filter>Others</Filter>
    </ClCompile>
    <ClCompile Include="LevelValidationScreen.cpp">
      <Filter>Screens</Filter>
    </ClCompile>
    <ClCompile Include="FilesManager.cpp">
      <Filter>Others</Filter>
    </ClCompile>
    <ClCompile Include="Canvas.cpp">
      <Filter>Graphics</Filter>
    </ClCompile>
    <ClCompile Include="Point.cpp">
      <Filter>Graphics</Filter>
    </ClCompile>
    <ClCompile Include="MenuScreen.cpp">
      <Filter>Screens</Filter>
    </ClCompile>
    <ClCompile Include="InGameMenuScreen.cpp">
      <Filter>Screens</Filter>
    </ClCompile>
    <ClCompile Include="GameRecorder.cpp">
      <Filter>Others</Filter>
    </ClCompile>
    <ClCompile Include="ReplayScreen.cpp">
      <Filter>Screens</Filter>
    </ClCompile>
    <ClCompile Include="LevelSelectionScreen.cpp">
      <Filter>Screens</Filter>
    </ClCompile>
    <ClCompile Include="BadShip.cpp">
      <Filter>GameObjects</Filter>
    </ClCompile>
    <ClCompile Include="Bomb.cpp">
      <Filter>GameObjects</Filter>
    </ClCompile>
    <ClCompile Include="Area.cpp">
      <Filter>GameObjects</Filter>
    </ClCompile>
  </ItemGroup>
  <ItemGroup>
    <ClInclude Include="GameObjectSet.h">
      <Filter>Others</Filter>
    </ClInclude>
    <ClInclude Include="GameAlgorithm.h">
      <Filter>Others</Filter>
    </ClInclude>
    <ClInclude Include="ScreenManager.h">
      <Filter>Others</Filter>
    </ClInclude>
    <ClInclude Include="GameScreenBuilder.h">
      <Filter>Others</Filter>
    </ClInclude>
    <ClInclude Include="Keyboard.h">
      <Filter>Others</Filter>
    </ClInclude>
    <ClInclude Include="GameOverScreen.h">
      <Filter>Screens</Filter>
    </ClInclude>
    <ClInclude Include="InstructionsScreen.h">
      <Filter>Screens</Filter>
    </ClInclude>
    <ClInclude Include="MainMenuScreen.h">
      <Filter>Screens</Filter>
    </ClInclude>
    <ClInclude Include="Screen.h">
      <Filter>Screens</Filter>
    </ClInclude>
    <ClInclude Include="BigShip.h">
      <Filter>GameObjects</Filter>
    </ClInclude>
    <ClInclude Include="ExitPoint.h">
      <Filter>GameObjects</Filter>
    </ClInclude>
    <ClInclude Include="GameObject.h">
      <Filter>GameObjects</Filter>
    </ClInclude>
    <ClInclude Include="Item.h">
      <Filter>GameObjects</Filter>
    </ClInclude>
    <ClInclude Include="Ship.h">
      <Filter>GameObjects</Filter>
    </ClInclude>
    <ClInclude Include="Wall.h">
      <Filter>GameObjects</Filter>
    </ClInclude>
    <ClInclude Include="GameScreen.h">
      <Filter>Screens</Filter>
    </ClInclude>
    <ClInclude Include="SmallShip.h">
      <Filter>GameObjects</Filter>
    </ClInclude>
    <ClInclude Include="config.h">
      <Filter>Libs</Filter>
    </ClInclude>
    <ClInclude Include="io_utils.h">
      <Filter>Libs</Filter>
    </ClInclude>
    <ClInclude Include="Game.h">
      <Filter>Others</Filter>
    </ClInclude>
    <ClInclude Include="GameConfig.h">
      <Filter>Others</Filter>
    </ClInclude>
    <ClInclude Include="FilesManager.h">
      <Filter>Others</Filter>
    </ClInclude>
    <ClInclude Include="Canvas.h">
      <Filter>Graphics</Filter>
    </ClInclude>
    <ClInclude Include="Point.h">
      <Filter>Graphics</Filter>
    </ClInclude>
    <ClInclude Include="MenuScreen.h">
      <Filter>Screens</Filter>
    </ClInclude>
    <ClInclude Include="LevelValidationScreen.h">
      <Filter>Screens</Filter>
    </ClInclude>
    <ClInclude Include="GameRecorder.h">
      <Filter>Others</Filter>
    </ClInclude>
    <ClInclude Include="InGameMenuScreen.h">
      <Filter>Screens</Filter>
    </ClInclude>
    <ClInclude Include="ReplayScreen.h">
      <Filter>Screens</Filter>
    </ClInclude>
    <ClInclude Include="LevelSelectionScreen.h">
      <Filter>Screens</Filter>
    </ClInclude>
    <ClInclude Include="BadShip.h">
      <Filter>GameObjects</Filter>
    </ClInclude>
    <ClInclude Include="Bomb.h">
      <Filter>GameObjects</Filter>
    </ClInclude>
    <ClInclude Include="Area.h">
      <Filter>GameObjects</Filter>
    </ClInclude>
  </ItemGroup>
  <ItemGroup>
    <None Include="Readme" />
  </ItemGroup>
</Project>